765e0613996a1800a36cabe1fd65747b943794449e0fbf40f8c2ea474de3b604  CLEAN_ROOM.md
554c81e27e17c79cd99a8b603d3437f3035c8b760850d81761a9f8f1769e6b27  spec/ACCEPTANCE.md
68731b682d6386396ad28a9d9869074857be66f8c82b2d9142f4d4b9b2d0eb6b  spec/API.md
9a7527ff097aa41a5587c72e4ac88ffdb2c74eac739f15653afdaa2f62d0f857  spec/PRODUCT.md
5a64c5183cbf5a13bb183a9952dec5d37f7f2648ceee76db2825022cb98d544c  spec/PROTOCOL.md
7c59d57d4a1f6fac66324d2b51ebb0e25f4d6cd9eb4105cd8738905614c4f1d3  spec/QUIC_CARRIER.md
9ce21389e71f36f6b9340ce7a4bdda1cceeb16508b74f2f9cc99b30e29e773cb  spec/STORAGE.md
668a4cd0d6548c95cae7abb5fa407434852ee6dcfed3fceb496c348f40076cf7  spec/THREAT_MODEL.md
abac3480f65b56019e8dab55ed51fc8dd20f0e1e0695011cbf144a600bf81a06  spec/WIREGUARD_COORDINATION.md
192444d7b9c6935e1fc9fed55ae77b7f0197ddade1ca56c145f5ab3352d2b9f4  spec/WIREGUARD_CREDENTIALS.md
7dd4f877b05c60e6e05eb1237bb79df54b00e706640fa9405ac9b7103c419bfe  spec/WIRE_STATE_MACHINE.md
847d1f9095f9ae179ad0c8650b1c0eb0f9436b862d7a657beadc6634618bdaa4  spec/legacy-0.2/ACCEPTANCE.md
7c3a1c6b12ba150e1ae71affc83a1e81d104791a1d34f2829a85dbccf5ac38c0  spec/legacy-0.2/API.md
fe11c8e57d3e38c811b7a25060610daddd088cafebf4bf7f06fa50d666331840  spec/legacy-0.2/PRODUCT.md
7ffcc3e9ea9d2a31171db183b1c773b78e6730415b62ca27ad874900eae62405  spec/legacy-0.2/PROTOCOL.md
3ef2225b627d7d42728a85f7388bb79e09341689c971fb6364f104169be4b0e0  spec/legacy-0.2/STORAGE.md
